
Microsoft Visual Studio Solution File, Format Version 12.00
# Visual Studio Version 17
VisualStudioVersion = 17.4.33205.214
MinimumVisualStudioVersion = 10.0.40219.1
Project("{FAE04EC0-301F-11D3-BF4B-00C04F79EFBC}") = "BubberDinner.API", "BubberDinner.API\BubberDinner.API.csproj", "{ECCAA155-A2E6-4619-B0EA-75EB3B855AE9}"
EndProject
Project("{FAE04EC0-301F-11D3-BF4B-00C04F79EFBC}") = "BubberDinner.Contracts", "BubberDinner.Contracts\BubberDinner.Contracts.csproj", "{D587D6DF-6A67-4C6A-8BC1-74D7ED898DAE}"
EndProject
Project("{FAE04EC0-301F-11D3-BF4B-00C04F79EFBC}") = "BubberDinner.Application", "BubberDinner.Application\BubberDinner.Application.csproj", "{9899FD16-1D4E-4F3D-B7A5-BF2152DF8B90}"
EndProject
Project("{FAE04EC0-301F-11D3-BF4B-00C04F79EFBC}") = "BubberDinner.Infrastructure", "BubberDinner.Infrastructure\BubberDinner.Infrastructure.csproj", "{84CB395A-48F7-48FD-9B2D-84BCB752DD43}"
EndProject
Project("{FAE04EC0-301F-11D3-BF4B-00C04F79EFBC}") = "BubberDinner.Domain", "BubberDinner.Domain\BubberDinner.Domain.csproj", "{9529623A-566C-404C-963E-6F91BECE1C26}"
EndProject
Global
	GlobalSection(SolutionConfigurationPlatforms) = preSolution
		Debug|Any CPU = Debug|Any CPU
		Release|Any CPU = Release|Any CPU
	EndGlobalSection
	GlobalSection(ProjectConfigurationPlatforms) = postSolution
		{ECCAA155-A2E6-4619-B0EA-75EB3B855AE9}.Debug|Any CPU.ActiveCfg = Debug|Any CPU
		{ECCAA155-A2E6-4619-B0EA-75EB3B855AE9}.Debug|Any CPU.Build.0 = Debug|Any CPU
		{ECCAA155-A2E6-4619-B0EA-75EB3B855AE9}.Release|Any CPU.ActiveCfg = Release|Any CPU
		{ECCAA155-A2E6-4619-B0EA-75EB3B855AE9}.Release|Any CPU.Build.0 = Release|Any CPU
		{D587D6DF-6A67-4C6A-8BC1-74D7ED898DAE}.Debug|Any CPU.ActiveCfg = Debug|Any CPU
		{D587D6DF-6A67-4C6A-8BC1-74D7ED898DAE}.Debug|Any CPU.Build.0 = Debug|Any CPU
		{D587D6DF-6A67-4C6A-8BC1-74D7ED898DAE}.Release|Any CPU.ActiveCfg = Release|Any CPU
		{D587D6DF-6A67-4C6A-8BC1-74D7ED898DAE}.Release|Any CPU.Build.0 = Release|Any CPU
		{9899FD16-1D4E-4F3D-B7A5-BF2152DF8B90}.Debug|Any CPU.ActiveCfg = Debug|Any CPU
		{9899FD16-1D4E-4F3D-B7A5-BF2152DF8B90}.Debug|Any CPU.Build.0 = Debug|Any CPU
		{9899FD16-1D4E-4F3D-B7A5-BF2152DF8B90}.Release|Any CPU.ActiveCfg = Release|Any CPU
		{9899FD16-1D4E-4F3D-B7A5-BF2152DF8B90}.Release|Any CPU.Build.0 = Release|Any CPU
		{84CB395A-48F7-48FD-9B2D-84BCB752DD43}.Debug|Any CPU.ActiveCfg = Debug|Any CPU
		{84CB395A-48F7-48FD-9B2D-84BCB752DD43}.Debug|Any CPU.Build.0 = Debug|Any CPU
		{84CB395A-48F7-48FD-9B2D-84BCB752DD43}.Release|Any CPU.ActiveCfg = Release|Any CPU
		{84CB395A-48F7-48FD-9B2D-84BCB752DD43}.Release|Any CPU.Build.0 = Release|Any CPU
		{9529623A-566C-404C-963E-6F91BECE1C26}.Debug|Any CPU.ActiveCfg = Debug|Any CPU
		{9529623A-566C-404C-963E-6F91BECE1C26}.Debug|Any CPU.Build.0 = Debug|Any CPU
		{9529623A-566C-404C-963E-6F91BECE1C26}.Release|Any CPU.ActiveCfg = Release|Any CPU
		{9529623A-566C-404C-963E-6F91BECE1C26}.Release|Any CPU.Build.0 = Release|Any CPU
	EndGlobalSection
	GlobalSection(SolutionProperties) = preSolution
		HideSolutionNode = FALSE
	EndGlobalSection
	GlobalSection(ExtensibilityGlobals) = postSolution
		SolutionGuid = {77EC6D81-D7DE-410E-A286-46FC00CDB338}
	EndGlobalSection
EndGlobal
